
Microsoft Visual Studio Solution File, Format Version 12.00
# Visual Studio 15
VisualStudioVersion = 15.0.27004.2005
MinimumVisualStudioVersion = 10.0.40219.1
Project("{FAE04EC0-301F-11D3-BF4B-00C04F79EFBC}") = "MiControl", "MiControl\MiControl.csproj", "{F4BCB814-B639-487F-AB38-203642673190}"
EndProject
Project("{FAE04EC0-301F-11D3-BF4B-00C04F79EFBC}") = "Playground", "Playground\Playground.csproj", "{CD5754F0-F6E7-408C-AA55-1954082FC4B4}"
EndProject
Project("{FAE04EC0-301F-11D3-BF4B-00C04F79EFBC}") = "YeeLight", "YeeLight\YeeLight.csproj", "{34D1D6A5-5939-4391-B503-0B53885667EA}"
EndProject
Project("{FAE04EC0-301F-11D3-BF4B-00C04F79EFBC}") = "MiLight", "MiLight\MiLight.csproj", "{6D564F6B-ABC2-41A7-9CB7-DE10F109B7D1}"
EndProject
Project("{FAE04EC0-301F-11D3-BF4B-00C04F79EFBC}") = "PlanckHome", "PlanckHome\PlanckHome.csproj", "{F1D7CD65-7B83-4312-9F29-DCBF6A382AAD}"
EndProject
Project("{FAE04EC0-301F-11D3-BF4B-00C04F79EFBC}") = "Sonoff", "Sonoff\Sonoff.csproj", "{B5F4EB95-16A4-44A5-94B8-B0B7EDD583FA}"
EndProject
Global
	GlobalSection(SolutionConfigurationPlatforms) = preSolution
		Debug|Any CPU = Debug|Any CPU
		Release|Any CPU = Release|Any CPU
	EndGlobalSection
	GlobalSection(ProjectConfigurationPlatforms) = postSolution
		{F4BCB814-B639-487F-AB38-203642673190}.Debug|Any CPU.ActiveCfg = Debug|Any CPU
		{F4BCB814-B639-487F-AB38-203642673190}.Debug|Any CPU.Build.0 = Debug|Any CPU
		{F4BCB814-B639-487F-AB38-203642673190}.Release|Any CPU.ActiveCfg = Release|Any CPU
		{F4BCB814-B639-487F-AB38-203642673190}.Release|Any CPU.Build.0 = Release|Any CPU
		{CD5754F0-F6E7-408C-AA55-1954082FC4B4}.Debug|Any CPU.ActiveCfg = Debug|Any CPU
		{CD5754F0-F6E7-408C-AA55-1954082FC4B4}.Debug|Any CPU.Build.0 = Debug|Any CPU
		{CD5754F0-F6E7-408C-AA55-1954082FC4B4}.Release|Any CPU.ActiveCfg = Release|Any CPU
		{CD5754F0-F6E7-408C-AA55-1954082FC4B4}.Release|Any CPU.Build.0 = Release|Any CPU
		{34D1D6A5-5939-4391-B503-0B53885667EA}.Debug|Any CPU.ActiveCfg = Debug|Any CPU
		{34D1D6A5-5939-4391-B503-0B53885667EA}.Debug|Any CPU.Build.0 = Debug|Any CPU
		{34D1D6A5-5939-4391-B503-0B53885667EA}.Release|Any CPU.ActiveCfg = Release|Any CPU
		{34D1D6A5-5939-4391-B503-0B53885667EA}.Release|Any CPU.Build.0 = Release|Any CPU
		{6D564F6B-ABC2-41A7-9CB7-DE10F109B7D1}.Debug|Any CPU.ActiveCfg = Debug|Any CPU
		{6D564F6B-ABC2-41A7-9CB7-DE10F109B7D1}.Debug|Any CPU.Build.0 = Debug|Any CPU
		{6D564F6B-ABC2-41A7-9CB7-DE10F109B7D1}.Release|Any CPU.ActiveCfg = Release|Any CPU
		{6D564F6B-ABC2-41A7-9CB7-DE10F109B7D1}.Release|Any CPU.Build.0 = Release|Any CPU
		{F1D7CD65-7B83-4312-9F29-DCBF6A382AAD}.Debug|Any CPU.ActiveCfg = Debug|Any CPU
		{F1D7CD65-7B83-4312-9F29-DCBF6A382AAD}.Debug|Any CPU.Build.0 = Debug|Any CPU
		{F1D7CD65-7B83-4312-9F29-DCBF6A382AAD}.Release|Any CPU.ActiveCfg = Release|Any CPU
		{F1D7CD65-7B83-4312-9F29-DCBF6A382AAD}.Release|Any CPU.Build.0 = Release|Any CPU
		{B5F4EB95-16A4-44A5-94B8-B0B7EDD583FA}.Debug|Any CPU.ActiveCfg = Debug|Any CPU
		{B5F4EB95-16A4-44A5-94B8-B0B7EDD583FA}.Debug|Any CPU.Build.0 = Debug|Any CPU
		{B5F4EB95-16A4-44A5-94B8-B0B7EDD583FA}.Release|Any CPU.ActiveCfg = Release|Any CPU
		{B5F4EB95-16A4-44A5-94B8-B0B7EDD583FA}.Release|Any CPU.Build.0 = Release|Any CPU
	EndGlobalSection
	GlobalSection(SolutionProperties) = preSolution
		HideSolutionNode = FALSE
	EndGlobalSection
	GlobalSection(ExtensibilityGlobals) = postSolution
		SolutionGuid = {145764E5-9F52-4568-93F2-0B375ED6318C}
	EndGlobalSection
EndGlobal
